{
    "version": 3,
    "terraform_version": "0.11.8",
    "serial": 28,
    "lineage": "f9ae8299-af2a-cb09-0372-52d7ee6c885d",
    "modules": [
        {
            "path": [
                "root"
            ],
            "outputs": {
                "elb_dns_name": {
                    "sensitive": false,
                    "type": "string",
                    "value": "terraform-SG-MyTerraform-1954743873.us-east-2.elb.amazonaws.com"
                },
                "instance_ids": {
                    "sensitive": false,
                    "type": "list",
                    "value": [
                        "18.223.100.237",
                        "18.216.60.255"
                    ]
                }
            },
            "resources": {
                "aws_autoscaling_group.MyTerraform": {
                    "type": "aws_autoscaling_group",
                    "depends_on": [
                        "aws_elb.MyTerraform",
                        "aws_launch_configuration.MyTerraform",
                        "data.aws_availability_zones.all"
                    ],
                    "primary": {
                        "id": "tf-asg-20180831133944088800000004",
                        "attributes": {
                            "arn": "arn:aws:autoscaling:us-east-2:822482363929:autoScalingGroup:f1776d64-57f8-4734-a95b-05ac9bab22b3:autoScalingGroupName/tf-asg-20180831133944088800000004",
                            "availability_zones.#": "3",
                            "availability_zones.1726430690": "us-east-2b",
                            "availability_zones.299896180": "us-east-2c",
                            "availability_zones.4293815384": "us-east-2a",
                            "default_cooldown": "300",
                            "desired_capacity": "2",
                            "enabled_metrics.#": "0",
                            "force_delete": "false",
                            "health_check_grace_period": "300",
                            "health_check_type": "ELB",
                            "id": "tf-asg-20180831133944088800000004",
                            "launch_configuration": "terraform-20180831134526482200000001",
                            "launch_template.#": "0",
                            "load_balancers.#": "1",
                            "load_balancers.4138345841": "terraform-SG-MyTerraform",
                            "max_size": "10",
                            "metrics_granularity": "1Minute",
                            "min_size": "2",
                            "name": "tf-asg-20180831133944088800000004",
                            "placement_group": "",
                            "protect_from_scale_in": "false",
                            "service_linked_role_arn": "arn:aws:iam::822482363929:role/aws-service-role/autoscaling.amazonaws.com/AWSServiceRoleForAutoScaling",
                            "suspended_processes.#": "0",
                            "tag.#": "1",
                            "tag.843309066.key": "Name",
                            "tag.843309066.propagate_at_launch": "true",
                            "tag.843309066.value": "terraform-SG-MyTerraform",
                            "target_group_arns.#": "0",
                            "termination_policies.#": "0",
                            "vpc_zone_identifier.#": "0",
                            "wait_for_capacity_timeout": "10m"
                        },
                        "meta": {
                            "e2bfb730-ecaa-11e6-8f88-34363bc7c4c0": {
                                "delete": 600000000000
                            }
                        },
                        "tainted": false
                    },
                    "deposed": [],
                    "provider": "provider.aws"
                },
                "aws_elb.MyTerraform": {
                    "type": "aws_elb",
                    "depends_on": [
                        "aws_iam_server_certificate.test_cert",
                        "aws_security_group.elb",
                        "data.aws_availability_zones.all"
                    ],
                    "primary": {
                        "id": "terraform-SG-MyTerraform",
                        "attributes": {
                            "access_logs.#": "0",
                            "arn": "arn:aws:elasticloadbalancing:us-east-2:822482363929:loadbalancer/terraform-SG-MyTerraform",
                            "availability_zones.#": "3",
                            "availability_zones.1726430690": "us-east-2b",
                            "availability_zones.299896180": "us-east-2c",
                            "availability_zones.4293815384": "us-east-2a",
                            "connection_draining": "false",
                            "connection_draining_timeout": "300",
                            "cross_zone_load_balancing": "true",
                            "dns_name": "terraform-SG-MyTerraform-1954743873.us-east-2.elb.amazonaws.com",
                            "health_check.#": "1",
                            "health_check.0.healthy_threshold": "2",
                            "health_check.0.interval": "30",
                            "health_check.0.target": "HTTP:8080/",
                            "health_check.0.timeout": "3",
                            "health_check.0.unhealthy_threshold": "2",
                            "id": "terraform-SG-MyTerraform",
                            "idle_timeout": "60",
                            "instances.#": "2",
                            "instances.173263593": "i-084071eec3ecf558b",
                            "instances.31702170": "i-0fad37cb6c22b975b",
                            "internal": "false",
                            "listener.#": "2",
                            "listener.3815037139.instance_port": "8080",
                            "listener.3815037139.instance_protocol": "http",
                            "listener.3815037139.lb_port": "443",
                            "listener.3815037139.lb_protocol": "https",
                            "listener.3815037139.ssl_certificate_id": "arn:aws:iam::822482363929:server-certificate/example-cert20180831133852974600000001",
                            "listener.3931999347.instance_port": "8080",
                            "listener.3931999347.instance_protocol": "http",
                            "listener.3931999347.lb_port": "80",
                            "listener.3931999347.lb_protocol": "http",
                            "listener.3931999347.ssl_certificate_id": "",
                            "name": "terraform-SG-MyTerraform",
                            "security_groups.#": "1",
                            "security_groups.1077414177": "sg-033e6c99cc3928df7",
                            "source_security_group": "822482363929/terraform-MyTerraform-elb",
                            "source_security_group_id": "sg-033e6c99cc3928df7",
                            "subnets.#": "3",
                            "subnets.3021311528": "subnet-b5bbaef8",
                            "subnets.3432346291": "subnet-7b349301",
                            "subnets.3880222834": "subnet-0ce88664",
                            "tags.%": "0",
                            "zone_id": "Z3AADJGX6KTTL2"
                        },
                        "meta": {},
                        "tainted": false
                    },
                    "deposed": [],
                    "provider": "provider.aws"
                },
                "aws_iam_server_certificate.test_cert": {
                    "type": "aws_iam_server_certificate",
                    "depends_on": [],
                    "primary": {
                        "id": "ASCAIGWBZIG442O76MBUW",
                        "attributes": {
                            "arn": "arn:aws:iam::822482363929:server-certificate/example-cert20180831133852974600000001",
                            "certificate_body": "24f6ad660f052fdedbec7ae9042e7e4ce2af3759",
                            "id": "ASCAIGWBZIG442O76MBUW",
                            "name": "example-cert20180831133852974600000001",
                            "name_prefix": "example-cert",
                            "path": "/",
                            "private_key": "4e3d5c848b1ade65edf75e1b3a10da2dd23a0070"
                        },
                        "meta": {},
                        "tainted": false
                    },
                    "deposed": [],
                    "provider": "provider.aws"
                },
                "aws_instance.web.0": {
                    "type": "aws_instance",
                    "depends_on": [
                        "aws_security_group.instance"
                    ],
                    "primary": {
                        "id": "i-053b5f1f64894e59d",
                        "attributes": {
                            "ami": "ami-0552e3455b9bc8d50",
                            "arn": "arn:aws:ec2:us-east-2:822482363929:instance/i-053b5f1f64894e59d",
                            "associate_public_ip_address": "true",
                            "availability_zone": "us-east-2b",
                            "cpu_core_count": "1",
                            "cpu_threads_per_core": "1",
                            "credit_specification.#": "1",
                            "credit_specification.0.cpu_credits": "standard",
                            "disable_api_termination": "false",
                            "ebs_block_device.#": "0",
                            "ebs_optimized": "false",
                            "ephemeral_block_device.#": "0",
                            "get_password_data": "false",
                            "iam_instance_profile": "",
                            "id": "i-053b5f1f64894e59d",
                            "instance_state": "running",
                            "instance_type": "t2.micro",
                            "ipv6_addresses.#": "0",
                            "key_name": "deployer-key1",
                            "monitoring": "false",
                            "network_interface.#": "0",
                            "network_interface_id": "eni-01bb7d1e5179e51f2",
                            "password_data": "",
                            "placement_group": "",
                            "primary_network_interface_id": "eni-01bb7d1e5179e51f2",
                            "private_dns": "ip-172-31-28-231.us-east-2.compute.internal",
                            "private_ip": "172.31.28.231",
                            "public_dns": "ec2-18-223-100-237.us-east-2.compute.amazonaws.com",
                            "public_ip": "18.223.100.237",
                            "root_block_device.#": "1",
                            "root_block_device.0.delete_on_termination": "true",
                            "root_block_device.0.iops": "100",
                            "root_block_device.0.volume_id": "vol-06009787b6bc6f971",
                            "root_block_device.0.volume_size": "8",
                            "root_block_device.0.volume_type": "gp2",
                            "security_groups.#": "1",
                            "security_groups.1502128876": "terraform-MyTerraform-instance",
                            "source_dest_check": "false",
                            "subnet_id": "subnet-7b349301",
                            "tags.%": "1",
                            "tags.Name": "web-001",
                            "tenancy": "default",
                            "volume_tags.%": "0",
                            "vpc_security_group_ids.#": "1",
                            "vpc_security_group_ids.4048066107": "sg-0da8cf7b9e8020705"
                        },
                        "meta": {
                            "e2bfb730-ecaa-11e6-8f88-34363bc7c4c0": {
                                "create": 600000000000,
                                "delete": 1200000000000,
                                "update": 600000000000
                            },
                            "schema_version": "1"
                        },
                        "tainted": false
                    },
                    "deposed": [],
                    "provider": "provider.aws"
                },
                "aws_instance.web.1": {
                    "type": "aws_instance",
                    "depends_on": [
                        "aws_security_group.instance"
                    ],
                    "primary": {
                        "id": "i-0b9bc973f1cb6ab85",
                        "attributes": {
                            "ami": "ami-0552e3455b9bc8d50",
                            "arn": "arn:aws:ec2:us-east-2:822482363929:instance/i-0b9bc973f1cb6ab85",
                            "associate_public_ip_address": "true",
                            "availability_zone": "us-east-2b",
                            "cpu_core_count": "1",
                            "cpu_threads_per_core": "1",
                            "credit_specification.#": "1",
                            "credit_specification.0.cpu_credits": "standard",
                            "disable_api_termination": "false",
                            "ebs_block_device.#": "0",
                            "ebs_optimized": "false",
                            "ephemeral_block_device.#": "0",
                            "get_password_data": "false",
                            "iam_instance_profile": "",
                            "id": "i-0b9bc973f1cb6ab85",
                            "instance_state": "running",
                            "instance_type": "t2.micro",
                            "ipv6_addresses.#": "0",
                            "key_name": "deployer-key1",
                            "monitoring": "false",
                            "network_interface.#": "0",
                            "network_interface_id": "eni-00942d5d064e55a60",
                            "password_data": "",
                            "placement_group": "",
                            "primary_network_interface_id": "eni-00942d5d064e55a60",
                            "private_dns": "ip-172-31-28-51.us-east-2.compute.internal",
                            "private_ip": "172.31.28.51",
                            "public_dns": "ec2-18-216-60-255.us-east-2.compute.amazonaws.com",
                            "public_ip": "18.216.60.255",
                            "root_block_device.#": "1",
                            "root_block_device.0.delete_on_termination": "true",
                            "root_block_device.0.iops": "100",
                            "root_block_device.0.volume_id": "vol-0fe06d35a92024100",
                            "root_block_device.0.volume_size": "8",
                            "root_block_device.0.volume_type": "gp2",
                            "security_groups.#": "1",
                            "security_groups.1502128876": "terraform-MyTerraform-instance",
                            "source_dest_check": "false",
                            "subnet_id": "subnet-7b349301",
                            "tags.%": "1",
                            "tags.Name": "web-002",
                            "tenancy": "default",
                            "volume_tags.%": "0",
                            "vpc_security_group_ids.#": "1",
                            "vpc_security_group_ids.4048066107": "sg-0da8cf7b9e8020705"
                        },
                        "meta": {
                            "e2bfb730-ecaa-11e6-8f88-34363bc7c4c0": {
                                "create": 600000000000,
                                "delete": 1200000000000,
                                "update": 600000000000
                            },
                            "schema_version": "1"
                        },
                        "tainted": false
                    },
                    "deposed": [],
                    "provider": "provider.aws"
                },
                "aws_key_pair.deployer": {
                    "type": "aws_key_pair",
                    "depends_on": [],
                    "primary": {
                        "id": "deployer-key1",
                        "attributes": {
                            "fingerprint": "90:c6:61:08:5d:08:57:32:f2:2d:70:d5:12:eb:28:56",
                            "id": "deployer-key1",
                            "key_name": "deployer-key1",
                            "public_key": "ssh-rsa AAAAB3NzaC1yc2EAAAABJQAAAQEAsyzOfbdnvOMjHpqPdZPBMhpiz2+INpUjpXbWWRba4U/0sDCfwrmGqGfDif34jCeEmEd7qGpt27z1T31sfDTsyTeppn/flfnkrQUeuAqiAo052KWGrhIRMK5O/J/pOe2rVB1NrC7yVPi9yoGo/xjlvzs4f5l9WghCPEhGQxhuchWm1zPy6RjcVttskYZDXjEr94YHYVt5/GHM7KcDoDTRz6mhjv4KzkdLdoiZbbx0ROEjagYsJbspC3C0UeKuHld9tzGbOvqTTWsyBcqgTZdrDAa2gOZGElzL9C/0Sd+RDmXc4P0D7uMVohRcgWvDERQfkXw1X1WLzcIwfFwtFuZoLw== rsa-key-20180830"
                        },
                        "meta": {
                            "schema_version": "1"
                        },
                        "tainted": false
                    },
                    "deposed": [],
                    "provider": "provider.aws"
                },
                "aws_launch_configuration.MyTerraform": {
                    "type": "aws_launch_configuration",
                    "depends_on": [],
                    "primary": {
                        "id": "terraform-20180831134526482200000001",
                        "attributes": {
                            "associate_public_ip_address": "false",
                            "ebs_block_device.#": "0",
                            "ebs_optimized": "false",
                            "enable_monitoring": "true",
                            "ephemeral_block_device.#": "0",
                            "iam_instance_profile": "",
                            "id": "terraform-20180831134526482200000001",
                            "image_id": "ami-0552e3455b9bc8d50",
                            "instance_type": "t2.micro",
                            "key_name": "deployer-key1",
                            "name": "terraform-20180831134526482200000001",
                            "root_block_device.#": "0",
                            "security_groups.#": "1",
                            "security_groups.4048066107": "sg-0da8cf7b9e8020705",
                            "spot_price": "",
                            "user_data": "c765373c563b260626d113c4a56a46e8a8c5ca33",
                            "vpc_classic_link_id": "",
                            "vpc_classic_link_security_groups.#": "0"
                        },
                        "meta": {},
                        "tainted": false
                    },
                    "deposed": [],
                    "provider": "provider.aws"
                },
                "aws_route53_health_check.child1": {
                    "type": "aws_route53_health_check",
                    "depends_on": [
                        "aws_elb.MyTerraform"
                    ],
                    "primary": {
                        "id": "efe63ced-b2d5-4a31-9774-5a5bee770adf",
                        "attributes": {
                            "child_health_threshold": "0",
                            "child_healthchecks.#": "0",
                            "enable_sni": "true",
                            "failure_threshold": "5",
                            "fqdn": "terraform-SG-MyTerraform-1954743873.us-east-2.elb.amazonaws.com",
                            "id": "efe63ced-b2d5-4a31-9774-5a5bee770adf",
                            "insufficient_data_health_status": "",
                            "invert_healthcheck": "false",
                            "ip_address": "",
                            "measure_latency": "false",
                            "port": "443",
                            "regions.#": "0",
                            "request_interval": "30",
                            "resource_path": "/",
                            "search_string": "",
                            "tags.%": "1",
                            "tags.Name": "tf-test-health-check",
                            "type": "HTTPS"
                        },
                        "meta": {},
                        "tainted": false
                    },
                    "deposed": [],
                    "provider": "provider.aws"
                },
                "aws_route53_health_check.foo": {
                    "type": "aws_route53_health_check",
                    "depends_on": [
                        "aws_route53_health_check.child1"
                    ],
                    "primary": {
                        "id": "382035b8-2baa-4ace-ba0e-928990f02e29",
                        "attributes": {
                            "child_health_threshold": "1",
                            "child_healthchecks.#": "1",
                            "child_healthchecks.2758231720": "efe63ced-b2d5-4a31-9774-5a5bee770adf",
                            "enable_sni": "false",
                            "failure_threshold": "0",
                            "fqdn": "",
                            "id": "382035b8-2baa-4ace-ba0e-928990f02e29",
                            "insufficient_data_health_status": "",
                            "invert_healthcheck": "false",
                            "ip_address": "",
                            "measure_latency": "false",
                            "port": "0",
                            "regions.#": "0",
                            "request_interval": "0",
                            "resource_path": "",
                            "search_string": "",
                            "tags.%": "1",
                            "tags.Name": "tf-test-calculated-health-check",
                            "type": "CALCULATED"
                        },
                        "meta": {},
                        "tainted": false
                    },
                    "deposed": [],
                    "provider": "provider.aws"
                },
                "aws_security_group.elb": {
                    "type": "aws_security_group",
                    "depends_on": [],
                    "primary": {
                        "id": "sg-033e6c99cc3928df7",
                        "attributes": {
                            "arn": "arn:aws:ec2:us-east-2:822482363929:security-group/sg-033e6c99cc3928df7",
                            "description": "Managed by Terraform",
                            "egress.#": "1",
                            "egress.482069346.cidr_blocks.#": "1",
                            "egress.482069346.cidr_blocks.0": "0.0.0.0/0",
                            "egress.482069346.description": "",
                            "egress.482069346.from_port": "0",
                            "egress.482069346.ipv6_cidr_blocks.#": "0",
                            "egress.482069346.prefix_list_ids.#": "0",
                            "egress.482069346.protocol": "-1",
                            "egress.482069346.security_groups.#": "0",
                            "egress.482069346.self": "false",
                            "egress.482069346.to_port": "0",
                            "id": "sg-033e6c99cc3928df7",
                            "ingress.#": "3",
                            "ingress.2214680975.cidr_blocks.#": "1",
                            "ingress.2214680975.cidr_blocks.0": "0.0.0.0/0",
                            "ingress.2214680975.description": "",
                            "ingress.2214680975.from_port": "80",
                            "ingress.2214680975.ipv6_cidr_blocks.#": "0",
                            "ingress.2214680975.protocol": "tcp",
                            "ingress.2214680975.security_groups.#": "0",
                            "ingress.2214680975.self": "false",
                            "ingress.2214680975.to_port": "80",
                            "ingress.2617001939.cidr_blocks.#": "1",
                            "ingress.2617001939.cidr_blocks.0": "0.0.0.0/0",
                            "ingress.2617001939.description": "",
                            "ingress.2617001939.from_port": "443",
                            "ingress.2617001939.ipv6_cidr_blocks.#": "0",
                            "ingress.2617001939.protocol": "tcp",
                            "ingress.2617001939.security_groups.#": "0",
                            "ingress.2617001939.self": "false",
                            "ingress.2617001939.to_port": "443",
                            "ingress.516175195.cidr_blocks.#": "1",
                            "ingress.516175195.cidr_blocks.0": "0.0.0.0/0",
                            "ingress.516175195.description": "",
                            "ingress.516175195.from_port": "8080",
                            "ingress.516175195.ipv6_cidr_blocks.#": "0",
                            "ingress.516175195.protocol": "tcp",
                            "ingress.516175195.security_groups.#": "0",
                            "ingress.516175195.self": "false",
                            "ingress.516175195.to_port": "8080",
                            "name": "terraform-MyTerraform-elb",
                            "owner_id": "822482363929",
                            "revoke_rules_on_delete": "false",
                            "tags.%": "0",
                            "vpc_id": "vpc-420c7e2a"
                        },
                        "meta": {
                            "e2bfb730-ecaa-11e6-8f88-34363bc7c4c0": {
                                "create": 600000000000,
                                "delete": 600000000000
                            },
                            "schema_version": "1"
                        },
                        "tainted": false
                    },
                    "deposed": [],
                    "provider": "provider.aws"
                },
                "aws_security_group.instance": {
                    "type": "aws_security_group",
                    "depends_on": [],
                    "primary": {
                        "id": "sg-0da8cf7b9e8020705",
                        "attributes": {
                            "arn": "arn:aws:ec2:us-east-2:822482363929:security-group/sg-0da8cf7b9e8020705",
                            "description": "Managed by Terraform",
                            "egress.#": "0",
                            "id": "sg-0da8cf7b9e8020705",
                            "ingress.#": "2",
                            "ingress.2541437006.cidr_blocks.#": "1",
                            "ingress.2541437006.cidr_blocks.0": "0.0.0.0/0",
                            "ingress.2541437006.description": "",
                            "ingress.2541437006.from_port": "22",
                            "ingress.2541437006.ipv6_cidr_blocks.#": "0",
                            "ingress.2541437006.protocol": "tcp",
                            "ingress.2541437006.security_groups.#": "0",
                            "ingress.2541437006.self": "false",
                            "ingress.2541437006.to_port": "22",
                            "ingress.516175195.cidr_blocks.#": "1",
                            "ingress.516175195.cidr_blocks.0": "0.0.0.0/0",
                            "ingress.516175195.description": "",
                            "ingress.516175195.from_port": "8080",
                            "ingress.516175195.ipv6_cidr_blocks.#": "0",
                            "ingress.516175195.protocol": "tcp",
                            "ingress.516175195.security_groups.#": "0",
                            "ingress.516175195.self": "false",
                            "ingress.516175195.to_port": "8080",
                            "name": "terraform-MyTerraform-instance",
                            "owner_id": "822482363929",
                            "revoke_rules_on_delete": "false",
                            "tags.%": "0",
                            "vpc_id": "vpc-420c7e2a"
                        },
                        "meta": {
                            "e2bfb730-ecaa-11e6-8f88-34363bc7c4c0": {
                                "create": 600000000000,
                                "delete": 600000000000
                            },
                            "schema_version": "1"
                        },
                        "tainted": false
                    },
                    "deposed": [],
                    "provider": "provider.aws"
                },
                "data.aws_availability_zones.all": {
                    "type": "aws_availability_zones",
                    "depends_on": [],
                    "primary": {
                        "id": "2018-08-31 13:44:47.5411703 +0000 UTC",
                        "attributes": {
                            "id": "2018-08-31 13:44:47.5411703 +0000 UTC",
                            "names.#": "3",
                            "names.0": "us-east-2a",
                            "names.1": "us-east-2b",
                            "names.2": "us-east-2c"
                        },
                        "meta": {},
                        "tainted": false
                    },
                    "deposed": [],
                    "provider": "provider.aws"
                }
            },
            "depends_on": []
        }
    ]
}
